<?xml version="1.0" encoding="utf-8"?>
<Project ToolsVersion="4.0" xmlns="http://schemas.microsoft.com/developer/msbuild/2003">
  <ItemGroup>
    <ClCompile Include="src\main.cpp" />
    <ClCompile Include="src\ofApp.cpp" />
    <ClCompile Include="src\Addons\ofxSkybox\ofxCubeMap.cpp">
      <Filter>Addons\ofxSkyBox</Filter>
    </ClCompile>
    <ClCompile Include="src\Addons\ofxSkybox\ofxSkyBox.cpp">
      <Filter>Addons\ofxSkyBox</Filter>
    </ClCompile>
    <ClCompile Include="src\Addons\ofxWinMenu\ofxWinMenu.cpp">
      <Filter>Addons\ofxWinMenu</Filter>
    </ClCompile>
    <ClCompile Include="src\SpoutRecord.cpp" />
    <ClCompile Include="src\SpoutShaders.cpp" />
    <ClCompile Include="..\..\SpoutGL\Spout.cpp">
      <Filter>SpoutGL</Filter>
    </ClCompile>
    <ClCompile Include="..\..\SpoutGL\SpoutCopy.cpp">
      <Filter>SpoutGL</Filter>
    </ClCompile>
    <ClCompile Include="..\..\SpoutGL\SpoutDirectX.cpp">
      <Filter>SpoutGL</Filter>
    </ClCompile>
    <ClCompile Include="..\..\SpoutGL\SpoutFrameCount.cpp">
      <Filter>SpoutGL</Filter>
    </ClCompile>
    <ClCompile Include="..\..\SpoutGL\SpoutGL.cpp">
      <Filter>SpoutGL</Filter>
    </ClCompile>
    <ClCompile Include="..\..\SpoutGL\SpoutGLextensions.cpp">
      <Filter>SpoutGL</Filter>
    </ClCompile>
    <ClCompile Include="..\..\SpoutGL\SpoutReceiver.cpp">
      <Filter>SpoutGL</Filter>
    </ClCompile>
    <ClCompile Include="..\..\SpoutGL\SpoutSender.cpp">
      <Filter>SpoutGL</Filter>
    </ClCompile>
    <ClCompile Include="..\..\SpoutGL\SpoutSenderNames.cpp">
      <Filter>SpoutGL</Filter>
    </ClCompile>
    <ClCompile Include="..\..\SpoutGL\SpoutSharedMemory.cpp">
      <Filter>SpoutGL</Filter>
    </ClCompile>
    <ClCompile Include="..\..\SpoutGL\SpoutUtils.cpp">
      <Filter>SpoutGL</Filter>
    </ClCompile>
  </ItemGroup>
  <ItemGroup>
    <ClInclude Include="src\ofApp.h" />
    <ClInclude Include="src\resource.h" />
    <ClInclude Include="src\Addons\ofxSkybox\ofxCubeMap.h">
      <Filter>Addons\ofxSkyBox</Filter>
    </ClInclude>
    <ClInclude Include="src\Addons\ofxSkybox\ofxSkyBox.h">
      <Filter>Addons\ofxSkyBox</Filter>
    </ClInclude>
    <ClInclude Include="src\Addons\ofxWinMenu\ofxWinMenu.h">
      <Filter>Addons\ofxWinMenu</Filter>
    </ClInclude>
    <ClInclude Include="src\stb_image_write.h" />
    <ClInclude Include="src\SpoutRecord.h" />
    <ClInclude Include="src\SpoutShaders.h" />
    <ClInclude Include="..\..\SpoutGL\Spout.h">
      <Filter>SpoutGL</Filter>
    </ClInclude>
    <ClInclude Include="..\..\SpoutGL\SpoutCommon.h">
      <Filter>SpoutGL</Filter>
    </ClInclude>
    <ClInclude Include="..\..\SpoutGL\SpoutCopy.h">
      <Filter>SpoutGL</Filter>
    </ClInclude>
    <ClInclude Include="..\..\SpoutGL\SpoutDirectX.h">
      <Filter>SpoutGL</Filter>
    </ClInclude>
    <ClInclude Include="..\..\SpoutGL\SpoutFrameCount.h">
      <Filter>SpoutGL</Filter>
    </ClInclude>
    <ClInclude Include="..\..\SpoutGL\SpoutGL.h">
      <Filter>SpoutGL</Filter>
    </ClInclude>
    <ClInclude Include="..\..\SpoutGL\SpoutGLextensions.h">
      <Filter>SpoutGL</Filter>
    </ClInclude>
    <ClInclude Include="..\..\SpoutGL\SpoutReceiver.h">
      <Filter>SpoutGL</Filter>
    </ClInclude>
    <ClInclude Include="..\..\SpoutGL\SpoutSender.h">
      <Filter>SpoutGL</Filter>
    </ClInclude>
    <ClInclude Include="..\..\SpoutGL\SpoutSenderNames.h">
      <Filter>SpoutGL</Filter>
    </ClInclude>
    <ClInclude Include="..\..\SpoutGL\SpoutSharedMemory.h">
      <Filter>SpoutGL</Filter>
    </ClInclude>
    <ClInclude Include="..\..\SpoutGL\SpoutUtils.h">
      <Filter>SpoutGL</Filter>
    </ClInclude>
  </ItemGroup>
  <ItemGroup>
    <Filter Include="Addons">
      <UniqueIdentifier>{1ba6d4f0-46d5-4837-8350-fd95d7ce763e}</UniqueIdentifier>
    </Filter>
    <Filter Include="Addons\ofxWinMenu">
      <UniqueIdentifier>{c2fe0e93-6a2e-41f2-8470-a43497690336}</UniqueIdentifier>
    </Filter>
    <Filter Include="Addons\ofxSkyBox">
      <UniqueIdentifier>{2b64db67-52ec-43b5-8bab-21d39db6ed92}</UniqueIdentifier>
    </Filter>
    <Filter Include="SpoutGL">
      <UniqueIdentifier>{40684720-d5f5-4b90-bdcb-c8ae275b33ec}</UniqueIdentifier>
    </Filter>
  </ItemGroup>
  <ItemGroup>
    <ResourceCompile Include="src\resource.rc" />
  </ItemGroup>
</Project>